
Microsoft Visual Studio Solution File, Format Version 12.00
# Visual Studio 15
VisualStudioVersion = 15.0.26228.9
MinimumVisualStudioVersion = 10.0.40219.1
Project("{2150E333-8FDC-42A3-9474-1A3956D46DE8}") = "Documents", "Documents", "{197E4FF9-EDDB-4AF4-88B3-7B4F410B0917}"
	ProjectSection(SolutionItems) = preProject
		readme.md = readme.md
	EndProjectSection
EndProject
Project("{FAE04EC0-301F-11D3-BF4B-00C04F79EFBC}") = "StackInternetBrowser", "StackInternetBrowser\StackInternetBrowser.csproj", "{D197DC3D-488E-4397-9251-10FDD9205A79}"
EndProject
Project("{2150E333-8FDC-42A3-9474-1A3956D46DE8}") = "Core", "Core", "{217DB95D-250F-4E2E-9A9D-6AAFC68850CC}"
EndProject
Project("{FAE04EC0-301F-11D3-BF4B-00C04F79EFBC}") = "JiuyongCore", "..\Core\JiuyongCore.csproj", "{9857248C-9E1A-4CED-951D-70B8F468971E}"
EndProject
Project("{FAE04EC0-301F-11D3-BF4B-00C04F79EFBC}") = "ToolBoxCore", "..\ToolBoxCore\ToolBoxCore.csproj", "{1E75CEDD-493F-4BEC-BC57-F86165A18478}"
EndProject
Global
	GlobalSection(SolutionConfigurationPlatforms) = preSolution
		Debug|Any CPU = Debug|Any CPU
		Debug|x64 = Debug|x64
		Release|Any CPU = Release|Any CPU
		Release|x64 = Release|x64
	EndGlobalSection
	GlobalSection(ProjectConfigurationPlatforms) = postSolution
		{D197DC3D-488E-4397-9251-10FDD9205A79}.Debug|Any CPU.ActiveCfg = Debug|Any CPU
		{D197DC3D-488E-4397-9251-10FDD9205A79}.Debug|Any CPU.Build.0 = Debug|Any CPU
		{D197DC3D-488E-4397-9251-10FDD9205A79}.Debug|x64.ActiveCfg = Debug|x64
		{D197DC3D-488E-4397-9251-10FDD9205A79}.Debug|x64.Build.0 = Debug|x64
		{D197DC3D-488E-4397-9251-10FDD9205A79}.Release|Any CPU.ActiveCfg = Release|Any CPU
		{D197DC3D-488E-4397-9251-10FDD9205A79}.Release|Any CPU.Build.0 = Release|Any CPU
		{D197DC3D-488E-4397-9251-10FDD9205A79}.Release|x64.ActiveCfg = Release|x64
		{D197DC3D-488E-4397-9251-10FDD9205A79}.Release|x64.Build.0 = Release|x64
		{9857248C-9E1A-4CED-951D-70B8F468971E}.Debug|Any CPU.ActiveCfg = Debug|Any CPU
		{9857248C-9E1A-4CED-951D-70B8F468971E}.Debug|Any CPU.Build.0 = Debug|Any CPU
		{9857248C-9E1A-4CED-951D-70B8F468971E}.Debug|x64.ActiveCfg = Debug|Any CPU
		{9857248C-9E1A-4CED-951D-70B8F468971E}.Debug|x64.Build.0 = Debug|Any CPU
		{9857248C-9E1A-4CED-951D-70B8F468971E}.Release|Any CPU.ActiveCfg = Release|Any CPU
		{9857248C-9E1A-4CED-951D-70B8F468971E}.Release|Any CPU.Build.0 = Release|Any CPU
		{9857248C-9E1A-4CED-951D-70B8F468971E}.Release|x64.ActiveCfg = Release|Any CPU
		{9857248C-9E1A-4CED-951D-70B8F468971E}.Release|x64.Build.0 = Release|Any CPU
		{1E75CEDD-493F-4BEC-BC57-F86165A18478}.Debug|Any CPU.ActiveCfg = Debug|Any CPU
		{1E75CEDD-493F-4BEC-BC57-F86165A18478}.Debug|Any CPU.Build.0 = Debug|Any CPU
		{1E75CEDD-493F-4BEC-BC57-F86165A18478}.Debug|x64.ActiveCfg = Debug|Any CPU
		{1E75CEDD-493F-4BEC-BC57-F86165A18478}.Debug|x64.Build.0 = Debug|Any CPU
		{1E75CEDD-493F-4BEC-BC57-F86165A18478}.Release|Any CPU.ActiveCfg = Release|Any CPU
		{1E75CEDD-493F-4BEC-BC57-F86165A18478}.Release|Any CPU.Build.0 = Release|Any CPU
		{1E75CEDD-493F-4BEC-BC57-F86165A18478}.Release|x64.ActiveCfg = Release|Any CPU
		{1E75CEDD-493F-4BEC-BC57-F86165A18478}.Release|x64.Build.0 = Release|Any CPU
	EndGlobalSection
	GlobalSection(SolutionProperties) = preSolution
		HideSolutionNode = FALSE
	EndGlobalSection
	GlobalSection(NestedProjects) = preSolution
		{9857248C-9E1A-4CED-951D-70B8F468971E} = {217DB95D-250F-4E2E-9A9D-6AAFC68850CC}
		{1E75CEDD-493F-4BEC-BC57-F86165A18478} = {217DB95D-250F-4E2E-9A9D-6AAFC68850CC}
	EndGlobalSection
EndGlobal
